[ "hackney": {:git, "git://github.com/benoitc/hackney.git", "25a7fa2115680a09c0e932f71f22082b29d1b714", []},
  "mimetypes": {:git, "https://github.com/spawngrid/mimetypes.git", "47d37a977a7d633199822bf6b08353007483d00f", [{:ref, "master"}]},
  "mochiweb": {:git, "git://github.com/mochi/mochiweb.git", "8c2e78e635735568d2e91b57e567ae724825a98a", []} ]
